
Microsoft Visual Studio Solution File, Format Version 12.00
# Visual Studio Version 16
VisualStudioVersion = 16.0.30804.86
MinimumVisualStudioVersion = 10.0.40219.1
Project("{FAE04EC0-301F-11D3-BF4B-00C04F79EFBC}") = "tcp-client", "tcp-client.csproj", "{AFB2EEC5-CC13-464E-83F4-73CC6D10449E}"
EndProject
Global
	GlobalSection(SolutionConfigurationPlatforms) = preSolution
		Debug|Any CPU = Debug|Any CPU
		Release|Any CPU = Release|Any CPU
	EndGlobalSection
	GlobalSection(ProjectConfigurationPlatforms) = postSolution
		{AFB2EEC5-CC13-464E-83F4-73CC6D10449E}.Debug|Any CPU.ActiveCfg = Debug|Any CPU
		{AFB2EEC5-CC13-464E-83F4-73CC6D10449E}.Debug|Any CPU.Build.0 = Debug|Any CPU
		{AFB2EEC5-CC13-464E-83F4-73CC6D10449E}.Release|Any CPU.ActiveCfg = Release|Any CPU
		{AFB2EEC5-CC13-464E-83F4-73CC6D10449E}.Release|Any CPU.Build.0 = Release|Any CPU
	EndGlobalSection
	GlobalSection(SolutionProperties) = preSolution
		HideSolutionNode = FALSE
	EndGlobalSection
	GlobalSection(ExtensibilityGlobals) = postSolution
		SolutionGuid = {E5D49D4D-CE62-41C1-9BA4-BA5C238C2F06}
	EndGlobalSection
EndGlobal
